
Microsoft Visual Studio Solution File, Format Version 12.00
# Visual Studio Version 16
VisualStudioVersion = 16.0.32602.291
MinimumVisualStudioVersion = 10.0.40219.1
Project("{FAE04EC0-301F-11D3-BF4B-00C04F79EFBC}") = "мои проекты", "мои проекты\мои проекты.csproj", "{4D95945C-5849-49C3-ACDD-8FCFDF7B7E1B}"
EndProject
Global
	GlobalSection(SolutionConfigurationPlatforms) = preSolution
		Debug|Any CPU = Debug|Any CPU
		Release|Any CPU = Release|Any CPU
	EndGlobalSection
	GlobalSection(ProjectConfigurationPlatforms) = postSolution
		{4D95945C-5849-49C3-ACDD-8FCFDF7B7E1B}.Debug|Any CPU.ActiveCfg = Debug|Any CPU
		{4D95945C-5849-49C3-ACDD-8FCFDF7B7E1B}.Debug|Any CPU.Build.0 = Debug|Any CPU
		{4D95945C-5849-49C3-ACDD-8FCFDF7B7E1B}.Release|Any CPU.ActiveCfg = Release|Any CPU
		{4D95945C-5849-49C3-ACDD-8FCFDF7B7E1B}.Release|Any CPU.Build.0 = Release|Any CPU
	EndGlobalSection
	GlobalSection(SolutionProperties) = preSolution
		HideSolutionNode = FALSE
	EndGlobalSection
	GlobalSection(ExtensibilityGlobals) = postSolution
		SolutionGuid = {7C2766E8-FA90-494F-BD39-1CEFEC1C96EC}
	EndGlobalSection
EndGlobal
